
Microsoft Visual Studio Solution File, Format Version 12.00
# Visual Studio 15
VisualStudioVersion = 15.0.26430.14
MinimumVisualStudioVersion = 10.0.40219.1
Project("{FAE04EC0-301F-11D3-BF4B-00C04F79EFBC}") = "GameApp", "GameApp\GameApp.csproj", "{9244619E-624C-484A-AB43-EAAEDEA95615}"
EndProject
Project("{FAE04EC0-301F-11D3-BF4B-00C04F79EFBC}") = "GameEngine", "GameEngine\GameEngine.csproj", "{98C341AA-2AE1-4450-9A1D-9FFFFEAD1AC0}"
EndProject
Project("{FAE04EC0-301F-11D3-BF4B-00C04F79EFBC}") = "TestGame", "TestGame\TestGame.csproj", "{54A4A60C-B033-4E03-A35A-F77A4290CF22}"
EndProject
Project("{FAE04EC0-301F-11D3-BF4B-00C04F79EFBC}") = "TestApp", "TestApp\TestApp.csproj", "{DE06F139-EA71-4752-B741-A5FBFAC69E64}"
EndProject
Global
	GlobalSection(SolutionConfigurationPlatforms) = preSolution
		Debug|Any CPU = Debug|Any CPU
		Release|Any CPU = Release|Any CPU
	EndGlobalSection
	GlobalSection(ProjectConfigurationPlatforms) = postSolution
		{9244619E-624C-484A-AB43-EAAEDEA95615}.Debug|Any CPU.ActiveCfg = Debug|Any CPU
		{9244619E-624C-484A-AB43-EAAEDEA95615}.Debug|Any CPU.Build.0 = Debug|Any CPU
		{9244619E-624C-484A-AB43-EAAEDEA95615}.Release|Any CPU.ActiveCfg = Release|Any CPU
		{9244619E-624C-484A-AB43-EAAEDEA95615}.Release|Any CPU.Build.0 = Release|Any CPU
		{98C341AA-2AE1-4450-9A1D-9FFFFEAD1AC0}.Debug|Any CPU.ActiveCfg = Debug|Any CPU
		{98C341AA-2AE1-4450-9A1D-9FFFFEAD1AC0}.Debug|Any CPU.Build.0 = Debug|Any CPU
		{98C341AA-2AE1-4450-9A1D-9FFFFEAD1AC0}.Release|Any CPU.ActiveCfg = Release|Any CPU
		{98C341AA-2AE1-4450-9A1D-9FFFFEAD1AC0}.Release|Any CPU.Build.0 = Release|Any CPU
		{54A4A60C-B033-4E03-A35A-F77A4290CF22}.Debug|Any CPU.ActiveCfg = Debug|Any CPU
		{54A4A60C-B033-4E03-A35A-F77A4290CF22}.Debug|Any CPU.Build.0 = Debug|Any CPU
		{54A4A60C-B033-4E03-A35A-F77A4290CF22}.Release|Any CPU.ActiveCfg = Release|Any CPU
		{54A4A60C-B033-4E03-A35A-F77A4290CF22}.Release|Any CPU.Build.0 = Release|Any CPU
		{DE06F139-EA71-4752-B741-A5FBFAC69E64}.Debug|Any CPU.ActiveCfg = Debug|Any CPU
		{DE06F139-EA71-4752-B741-A5FBFAC69E64}.Debug|Any CPU.Build.0 = Debug|Any CPU
		{DE06F139-EA71-4752-B741-A5FBFAC69E64}.Release|Any CPU.ActiveCfg = Release|Any CPU
		{DE06F139-EA71-4752-B741-A5FBFAC69E64}.Release|Any CPU.Build.0 = Release|Any CPU
	EndGlobalSection
	GlobalSection(SolutionProperties) = preSolution
		HideSolutionNode = FALSE
	EndGlobalSection
EndGlobal
